PODS:
  - SDWebImage (5.1.0):
    - SDWebImage/Core (= 5.1.0)
  - SDWebImage/Core (5.1.0)

DEPENDENCIES:
  - SDWebImage

SPEC REPOS:
  https://github.com/cocoapods/specs.git:
    - SDWebImage

SPEC CHECKSUMS:
  SDWebImage: fb387001955223213dde14bc08c8b73f371f8d8f

PODFILE CHECKSUM: 513c7fc2d67375f0e25e5d7657c745489adda746

COCOAPODS: 1.6.1
